
Microsoft Visual Studio Solution File, Format Version 12.00
# Visual Studio Version 16
VisualStudioVersion = 16.0.33027.164
MinimumVisualStudioVersion = 10.0.40219.1
Project("{9A19103F-16F7-4668-BE54-9A1E7A4F7556}") = "xmlrpcwsc", "xmlrpcwsc\xmlrpcwsc.csproj", "{B5FA7348-6454-4545-AC0C-5E94FE53FB6C}"
EndProject
Project("{9A19103F-16F7-4668-BE54-9A1E7A4F7556}") = "sandbox", "sandbox\sandbox.csproj", "{5B413D0A-0AC7-44BE-A4BF-0C824864C486}"
EndProject
Global
	GlobalSection(SolutionConfigurationPlatforms) = preSolution
		Debug|Any CPU = Debug|Any CPU
		Release|Any CPU = Release|Any CPU
	EndGlobalSection
	GlobalSection(ProjectConfigurationPlatforms) = postSolution
		{B5FA7348-6454-4545-AC0C-5E94FE53FB6C}.Debug|Any CPU.ActiveCfg = Debug|Any CPU
		{B5FA7348-6454-4545-AC0C-5E94FE53FB6C}.Debug|Any CPU.Build.0 = Debug|Any CPU
		{B5FA7348-6454-4545-AC0C-5E94FE53FB6C}.Release|Any CPU.ActiveCfg = Release|Any CPU
		{B5FA7348-6454-4545-AC0C-5E94FE53FB6C}.Release|Any CPU.Build.0 = Release|Any CPU
		{5B413D0A-0AC7-44BE-A4BF-0C824864C486}.Debug|Any CPU.ActiveCfg = Debug|Any CPU
		{5B413D0A-0AC7-44BE-A4BF-0C824864C486}.Debug|Any CPU.Build.0 = Debug|Any CPU
		{5B413D0A-0AC7-44BE-A4BF-0C824864C486}.Release|Any CPU.ActiveCfg = Release|Any CPU
		{5B413D0A-0AC7-44BE-A4BF-0C824864C486}.Release|Any CPU.Build.0 = Release|Any CPU
	EndGlobalSection
	GlobalSection(SolutionProperties) = preSolution
		HideSolutionNode = FALSE
	EndGlobalSection
	GlobalSection(ExtensibilityGlobals) = postSolution
		SolutionGuid = {FEE027AA-CCE7-489B-8AB2-6F60BD4F2725}
	EndGlobalSection
EndGlobal
